
Microsoft Visual Studio Solution File, Format Version 12.00
# Visual Studio Version 16
VisualStudioVersion = 16.0.29728.190
MinimumVisualStudioVersion = 10.0.40219.1
Project("{2150E333-8FDC-42A3-9474-1A3956D46DE8}") = "1. Presentation Layer", "1. Presentation Layer", "{70DFDBE8-F936-47E4-BA7C-8BFD3A2FF6DB}"
EndProject
Project("{2150E333-8FDC-42A3-9474-1A3956D46DE8}") = "2. Repository Layer", "2. Repository Layer", "{2865AEC6-94DE-46AB-9CF2-D486924C2D7B}"
EndProject
Project("{FAE04EC0-301F-11D3-BF4B-00C04F79EFBC}") = "Projeto.Presentation.Mvc", "Projeto.Presentation.Mvc\Projeto.Presentation.Mvc.csproj", "{289A1EF1-41B7-4D49-9A89-3CACBD68DEF8}"
EndProject
Project("{FAE04EC0-301F-11D3-BF4B-00C04F79EFBC}") = "Projeto.Repository.SqlServer", "Projeto.Repository.SqlServer\Projeto.Repository.SqlServer.csproj", "{42935B6E-A3ED-4609-B84A-85A4E1ED5DD2}"
EndProject
Global
	GlobalSection(SolutionConfigurationPlatforms) = preSolution
		Debug|Any CPU = Debug|Any CPU
		Release|Any CPU = Release|Any CPU
	EndGlobalSection
	GlobalSection(ProjectConfigurationPlatforms) = postSolution
		{289A1EF1-41B7-4D49-9A89-3CACBD68DEF8}.Debug|Any CPU.ActiveCfg = Debug|Any CPU
		{289A1EF1-41B7-4D49-9A89-3CACBD68DEF8}.Debug|Any CPU.Build.0 = Debug|Any CPU
		{289A1EF1-41B7-4D49-9A89-3CACBD68DEF8}.Release|Any CPU.ActiveCfg = Release|Any CPU
		{289A1EF1-41B7-4D49-9A89-3CACBD68DEF8}.Release|Any CPU.Build.0 = Release|Any CPU
		{42935B6E-A3ED-4609-B84A-85A4E1ED5DD2}.Debug|Any CPU.ActiveCfg = Debug|Any CPU
		{42935B6E-A3ED-4609-B84A-85A4E1ED5DD2}.Debug|Any CPU.Build.0 = Debug|Any CPU
		{42935B6E-A3ED-4609-B84A-85A4E1ED5DD2}.Release|Any CPU.ActiveCfg = Release|Any CPU
		{42935B6E-A3ED-4609-B84A-85A4E1ED5DD2}.Release|Any CPU.Build.0 = Release|Any CPU
	EndGlobalSection
	GlobalSection(SolutionProperties) = preSolution
		HideSolutionNode = FALSE
	EndGlobalSection
	GlobalSection(NestedProjects) = preSolution
		{289A1EF1-41B7-4D49-9A89-3CACBD68DEF8} = {70DFDBE8-F936-47E4-BA7C-8BFD3A2FF6DB}
		{42935B6E-A3ED-4609-B84A-85A4E1ED5DD2} = {2865AEC6-94DE-46AB-9CF2-D486924C2D7B}
	EndGlobalSection
	GlobalSection(ExtensibilityGlobals) = postSolution
		SolutionGuid = {842B5616-BA21-4D70-9677-3DB5A6EE3479}
	EndGlobalSection
EndGlobal
